
Microsoft Visual Studio Solution File, Format Version 12.00
# Visual Studio Version 16
VisualStudioVersion = 16.0.29123.88
MinimumVisualStudioVersion = 10.0.40219.1
Project("{FAE04EC0-301F-11D3-BF4B-00C04F79EFBC}") = "TentsTrailersIAD", "TentsTrailersIAD\TentsTrailersIAD.csproj", "{4363F18A-A534-4EEF-90F2-D4D01820BC4C}"
EndProject
Global
	GlobalSection(SolutionConfigurationPlatforms) = preSolution
		Debug|Any CPU = Debug|Any CPU
		Release|Any CPU = Release|Any CPU
	EndGlobalSection
	GlobalSection(ProjectConfigurationPlatforms) = postSolution
		{4363F18A-A534-4EEF-90F2-D4D01820BC4C}.Debug|Any CPU.ActiveCfg = Debug|Any CPU
		{4363F18A-A534-4EEF-90F2-D4D01820BC4C}.Debug|Any CPU.Build.0 = Debug|Any CPU
		{4363F18A-A534-4EEF-90F2-D4D01820BC4C}.Release|Any CPU.ActiveCfg = Release|Any CPU
		{4363F18A-A534-4EEF-90F2-D4D01820BC4C}.Release|Any CPU.Build.0 = Release|Any CPU
	EndGlobalSection
	GlobalSection(SolutionProperties) = preSolution
		HideSolutionNode = FALSE
	EndGlobalSection
	GlobalSection(ExtensibilityGlobals) = postSolution
		SolutionGuid = {E5E4D7DD-CF53-484A-8768-A42F934A2D36}
	EndGlobalSection
EndGlobal
